
Microsoft Visual Studio Solution File, Format Version 12.00
# Visual Studio Version 16
VisualStudioVersion = 16.0.29519.181
MinimumVisualStudioVersion = 10.0.40219.1
Project("{FAE04EC0-301F-11D3-BF4B-00C04F79EFBC}") = "BubbleSort", "BubbleSort\BubbleSort.csproj", "{B7FE14A6-5FFF-407E-BF18-D7FFC7C4DA4D}"
EndProject
Project("{FAE04EC0-301F-11D3-BF4B-00C04F79EFBC}") = "ArrBS", "ArrBS\ArrBS.csproj", "{A0936D56-3142-4276-A0DC-3FC77E79D2CA}"
EndProject
Global
	GlobalSection(SolutionConfigurationPlatforms) = preSolution
		Debug|Any CPU = Debug|Any CPU
		Release|Any CPU = Release|Any CPU
	EndGlobalSection
	GlobalSection(ProjectConfigurationPlatforms) = postSolution
		{B7FE14A6-5FFF-407E-BF18-D7FFC7C4DA4D}.Debug|Any CPU.ActiveCfg = Debug|Any CPU
		{B7FE14A6-5FFF-407E-BF18-D7FFC7C4DA4D}.Debug|Any CPU.Build.0 = Debug|Any CPU
		{B7FE14A6-5FFF-407E-BF18-D7FFC7C4DA4D}.Release|Any CPU.ActiveCfg = Release|Any CPU
		{B7FE14A6-5FFF-407E-BF18-D7FFC7C4DA4D}.Release|Any CPU.Build.0 = Release|Any CPU
		{A0936D56-3142-4276-A0DC-3FC77E79D2CA}.Debug|Any CPU.ActiveCfg = Debug|Any CPU
		{A0936D56-3142-4276-A0DC-3FC77E79D2CA}.Debug|Any CPU.Build.0 = Debug|Any CPU
		{A0936D56-3142-4276-A0DC-3FC77E79D2CA}.Release|Any CPU.ActiveCfg = Release|Any CPU
		{A0936D56-3142-4276-A0DC-3FC77E79D2CA}.Release|Any CPU.Build.0 = Release|Any CPU
	EndGlobalSection
	GlobalSection(SolutionProperties) = preSolution
		HideSolutionNode = FALSE
	EndGlobalSection
	GlobalSection(ExtensibilityGlobals) = postSolution
		SolutionGuid = {A0DC62AA-6D4E-4D59-BD1D-DB8CA9A9ABBF}
	EndGlobalSection
EndGlobal
